
Microsoft Visual Studio Solution File, Format Version 12.00
# Visual Studio Version 16
VisualStudioVersion = 16.0.30621.155
MinimumVisualStudioVersion = 10.0.40219.1
Project("{FAE04EC0-301F-11D3-BF4B-00C04F79EFBC}") = "AbstractDemo", "AbstractDemo\AbstractDemo.csproj", "{C73BD80F-9687-4577-B7DD-E5A6FB131CFE}"
EndProject
Project("{FAE04EC0-301F-11D3-BF4B-00C04F79EFBC}") = "TaxesDemo", "TaxesDemo\TaxesDemo.csproj", "{95926A31-2E25-495F-99E7-0487A6E37E56}"
EndProject
Global
	GlobalSection(SolutionConfigurationPlatforms) = preSolution
		Debug|Any CPU = Debug|Any CPU
		Release|Any CPU = Release|Any CPU
	EndGlobalSection
	GlobalSection(ProjectConfigurationPlatforms) = postSolution
		{C73BD80F-9687-4577-B7DD-E5A6FB131CFE}.Debug|Any CPU.ActiveCfg = Debug|Any CPU
		{C73BD80F-9687-4577-B7DD-E5A6FB131CFE}.Debug|Any CPU.Build.0 = Debug|Any CPU
		{C73BD80F-9687-4577-B7DD-E5A6FB131CFE}.Release|Any CPU.ActiveCfg = Release|Any CPU
		{C73BD80F-9687-4577-B7DD-E5A6FB131CFE}.Release|Any CPU.Build.0 = Release|Any CPU
		{95926A31-2E25-495F-99E7-0487A6E37E56}.Debug|Any CPU.ActiveCfg = Debug|Any CPU
		{95926A31-2E25-495F-99E7-0487A6E37E56}.Debug|Any CPU.Build.0 = Debug|Any CPU
		{95926A31-2E25-495F-99E7-0487A6E37E56}.Release|Any CPU.ActiveCfg = Release|Any CPU
		{95926A31-2E25-495F-99E7-0487A6E37E56}.Release|Any CPU.Build.0 = Release|Any CPU
	EndGlobalSection
	GlobalSection(SolutionProperties) = preSolution
		HideSolutionNode = FALSE
	EndGlobalSection
	GlobalSection(ExtensibilityGlobals) = postSolution
		SolutionGuid = {22B2661F-DE51-42CD-81C5-D4ADDC7ADE56}
	EndGlobalSection
EndGlobal
